
Microsoft Visual Studio Solution File, Format Version 11.00
# Visual Studio 2010
Project("{FAE04EC0-301F-11D3-BF4B-00C04F79EFBC}") = "CodeMetrics.Calculators", "CodeMetrics.Calculators\CodeMetrics.Calculators.csproj", "{CF35E234-7831-4A2B-8F18-BBB0F8621B10}"
EndProject
Project("{2150E333-8FDC-42A3-9474-1A3956D46DE8}") = "Tests", "Tests", "{D37907FE-7116-4160-B753-A1E49421FB55}"
EndProject
Project("{FAE04EC0-301F-11D3-BF4B-00C04F79EFBC}") = "CodeMetrics.Calculators.Tests", "Tests\CodeMetrics.Calculators.Tests\CodeMetrics.Calculators.Tests.csproj", "{410CD13E-9ED3-48BD-B0CD-875AF5CC778A}"
EndProject
Project("{FAE04EC0-301F-11D3-BF4B-00C04F79EFBC}") = "CodeMetrics.Adornments", "CodeMetrics.Adornments\CodeMetrics.Adornments.csproj", "{761E5998-C690-4B1A-949F-6298F7C50464}"
EndProject
Project("{FAE04EC0-301F-11D3-BF4B-00C04F79EFBC}") = "CodeMetrics.Parsing", "CodeMetrics.Parsing\CodeMetrics.Parsing.csproj", "{4F281F92-DFF0-44DF-A150-A95DC83D727D}"
EndProject
Project("{FAE04EC0-301F-11D3-BF4B-00C04F79EFBC}") = "CodeMetrics.Parsing.Tests", "Tests\CodeMetrics.Parsing.Tests\CodeMetrics.Parsing.Tests.csproj", "{1026543B-0009-4BBE-AABB-7295291BE6E6}"
EndProject
Project("{FAE04EC0-301F-11D3-BF4B-00C04F79EFBC}") = "CodeMetrics.Common", "CodeMetrics.Common\CodeMetrics.Common.csproj", "{85E6E6BC-C02E-4A46-9779-BD8AC95A46A7}"
EndProject
Project("{2150E333-8FDC-42A3-9474-1A3956D46DE8}") = "Solution Items", "Solution Items", "{DAE626FB-6399-4520-85D5-94203304101B}"
	ProjectSection(SolutionItems) = preProject
		License.txt = License.txt
	EndProjectSection
EndProject
Global
	GlobalSection(SolutionConfigurationPlatforms) = preSolution
		Debug|Any CPU = Debug|Any CPU
		Release|Any CPU = Release|Any CPU
	EndGlobalSection
	GlobalSection(ProjectConfigurationPlatforms) = postSolution
		{CF35E234-7831-4A2B-8F18-BBB0F8621B10}.Debug|Any CPU.ActiveCfg = Debug|Any CPU
		{CF35E234-7831-4A2B-8F18-BBB0F8621B10}.Debug|Any CPU.Build.0 = Debug|Any CPU
		{CF35E234-7831-4A2B-8F18-BBB0F8621B10}.Release|Any CPU.ActiveCfg = Release|Any CPU
		{CF35E234-7831-4A2B-8F18-BBB0F8621B10}.Release|Any CPU.Build.0 = Release|Any CPU
		{410CD13E-9ED3-48BD-B0CD-875AF5CC778A}.Debug|Any CPU.ActiveCfg = Debug|Any CPU
		{410CD13E-9ED3-48BD-B0CD-875AF5CC778A}.Debug|Any CPU.Build.0 = Debug|Any CPU
		{410CD13E-9ED3-48BD-B0CD-875AF5CC778A}.Release|Any CPU.ActiveCfg = Release|Any CPU
		{410CD13E-9ED3-48BD-B0CD-875AF5CC778A}.Release|Any CPU.Build.0 = Release|Any CPU
		{761E5998-C690-4B1A-949F-6298F7C50464}.Debug|Any CPU.ActiveCfg = Debug|Any CPU
		{761E5998-C690-4B1A-949F-6298F7C50464}.Debug|Any CPU.Build.0 = Debug|Any CPU
		{761E5998-C690-4B1A-949F-6298F7C50464}.Release|Any CPU.ActiveCfg = Release|Any CPU
		{761E5998-C690-4B1A-949F-6298F7C50464}.Release|Any CPU.Build.0 = Release|Any CPU
		{4F281F92-DFF0-44DF-A150-A95DC83D727D}.Debug|Any CPU.ActiveCfg = Debug|Any CPU
		{4F281F92-DFF0-44DF-A150-A95DC83D727D}.Debug|Any CPU.Build.0 = Debug|Any CPU
		{4F281F92-DFF0-44DF-A150-A95DC83D727D}.Release|Any CPU.ActiveCfg = Release|Any CPU
		{4F281F92-DFF0-44DF-A150-A95DC83D727D}.Release|Any CPU.Build.0 = Release|Any CPU
		{1026543B-0009-4BBE-AABB-7295291BE6E6}.Debug|Any CPU.ActiveCfg = Debug|Any CPU
		{1026543B-0009-4BBE-AABB-7295291BE6E6}.Debug|Any CPU.Build.0 = Debug|Any CPU
		{1026543B-0009-4BBE-AABB-7295291BE6E6}.Release|Any CPU.ActiveCfg = Release|Any CPU
		{1026543B-0009-4BBE-AABB-7295291BE6E6}.Release|Any CPU.Build.0 = Release|Any CPU
		{85E6E6BC-C02E-4A46-9779-BD8AC95A46A7}.Debug|Any CPU.ActiveCfg = Debug|Any CPU
		{85E6E6BC-C02E-4A46-9779-BD8AC95A46A7}.Debug|Any CPU.Build.0 = Debug|Any CPU
		{85E6E6BC-C02E-4A46-9779-BD8AC95A46A7}.Release|Any CPU.ActiveCfg = Release|Any CPU
		{85E6E6BC-C02E-4A46-9779-BD8AC95A46A7}.Release|Any CPU.Build.0 = Release|Any CPU
	EndGlobalSection
	GlobalSection(SolutionProperties) = preSolution
		HideSolutionNode = FALSE
	EndGlobalSection
	GlobalSection(NestedProjects) = preSolution
		{410CD13E-9ED3-48BD-B0CD-875AF5CC778A} = {D37907FE-7116-4160-B753-A1E49421FB55}
		{1026543B-0009-4BBE-AABB-7295291BE6E6} = {D37907FE-7116-4160-B753-A1E49421FB55}
	EndGlobalSection
EndGlobal
